
Microsoft Visual Studio Solution File, Format Version 12.00
# Visual Studio Version 17
VisualStudioVersion = 17.7.34302.85
MinimumVisualStudioVersion = 10.0.40219.1
Project("{FAE04EC0-301F-11D3-BF4B-00C04F79EFBC}") = "Module06.Android", "Module06\Module06.Android\Module06.Android.csproj", "{70ADC3B8-8CED-4300-9F9B-4FEF10040398}"
EndProject
Project("{FAE04EC0-301F-11D3-BF4B-00C04F79EFBC}") = "Module06.iOS", "Module06\Module06.iOS\Module06.iOS.csproj", "{2ACD584E-ACBE-4BFF-8E49-B25705B2508C}"
EndProject
Project("{FAE04EC0-301F-11D3-BF4B-00C04F79EFBC}") = "Module06", "Module06\Module06\Module06.csproj", "{1EE4A373-7DF3-47E1-8A1B-695F4D0F809C}"
EndProject
Global
	GlobalSection(SolutionConfigurationPlatforms) = preSolution
		Debug|Any CPU = Debug|Any CPU
		Debug|iPhone = Debug|iPhone
		Debug|iPhoneSimulator = Debug|iPhoneSimulator
		Release|Any CPU = Release|Any CPU
		Release|iPhone = Release|iPhone
		Release|iPhoneSimulator = Release|iPhoneSimulator
	EndGlobalSection
	GlobalSection(ProjectConfigurationPlatforms) = postSolution
		{70ADC3B8-8CED-4300-9F9B-4FEF10040398}.Debug|Any CPU.ActiveCfg = Debug|Any CPU
		{70ADC3B8-8CED-4300-9F9B-4FEF10040398}.Debug|Any CPU.Build.0 = Debug|Any CPU
		{70ADC3B8-8CED-4300-9F9B-4FEF10040398}.Debug|Any CPU.Deploy.0 = Debug|Any CPU
		{70ADC3B8-8CED-4300-9F9B-4FEF10040398}.Debug|iPhone.ActiveCfg = Debug|Any CPU
		{70ADC3B8-8CED-4300-9F9B-4FEF10040398}.Debug|iPhone.Build.0 = Debug|Any CPU
		{70ADC3B8-8CED-4300-9F9B-4FEF10040398}.Debug|iPhone.Deploy.0 = Debug|Any CPU
		{70ADC3B8-8CED-4300-9F9B-4FEF10040398}.Debug|iPhoneSimulator.ActiveCfg = Debug|Any CPU
		{70ADC3B8-8CED-4300-9F9B-4FEF10040398}.Debug|iPhoneSimulator.Build.0 = Debug|Any CPU
		{70ADC3B8-8CED-4300-9F9B-4FEF10040398}.Debug|iPhoneSimulator.Deploy.0 = Debug|Any CPU
		{70ADC3B8-8CED-4300-9F9B-4FEF10040398}.Release|Any CPU.ActiveCfg = Release|Any CPU
		{70ADC3B8-8CED-4300-9F9B-4FEF10040398}.Release|Any CPU.Build.0 = Release|Any CPU
		{70ADC3B8-8CED-4300-9F9B-4FEF10040398}.Release|Any CPU.Deploy.0 = Release|Any CPU
		{70ADC3B8-8CED-4300-9F9B-4FEF10040398}.Release|iPhone.ActiveCfg = Release|Any CPU
		{70ADC3B8-8CED-4300-9F9B-4FEF10040398}.Release|iPhone.Build.0 = Release|Any CPU
		{70ADC3B8-8CED-4300-9F9B-4FEF10040398}.Release|iPhone.Deploy.0 = Release|Any CPU
		{70ADC3B8-8CED-4300-9F9B-4FEF10040398}.Release|iPhoneSimulator.ActiveCfg = Release|Any CPU
		{70ADC3B8-8CED-4300-9F9B-4FEF10040398}.Release|iPhoneSimulator.Build.0 = Release|Any CPU
		{70ADC3B8-8CED-4300-9F9B-4FEF10040398}.Release|iPhoneSimulator.Deploy.0 = Release|Any CPU
		{2ACD584E-ACBE-4BFF-8E49-B25705B2508C}.Debug|Any CPU.ActiveCfg = Debug|iPhone
		{2ACD584E-ACBE-4BFF-8E49-B25705B2508C}.Debug|Any CPU.Build.0 = Debug|iPhone
		{2ACD584E-ACBE-4BFF-8E49-B25705B2508C}.Debug|Any CPU.Deploy.0 = Debug|iPhone
		{2ACD584E-ACBE-4BFF-8E49-B25705B2508C}.Debug|iPhone.ActiveCfg = Debug|iPhone
		{2ACD584E-ACBE-4BFF-8E49-B25705B2508C}.Debug|iPhone.Build.0 = Debug|iPhone
		{2ACD584E-ACBE-4BFF-8E49-B25705B2508C}.Debug|iPhone.Deploy.0 = Debug|iPhone
		{2ACD584E-ACBE-4BFF-8E49-B25705B2508C}.Debug|iPhoneSimulator.ActiveCfg = Debug|iPhoneSimulator
		{2ACD584E-ACBE-4BFF-8E49-B25705B2508C}.Debug|iPhoneSimulator.Build.0 = Debug|iPhoneSimulator
		{2ACD584E-ACBE-4BFF-8E49-B25705B2508C}.Debug|iPhoneSimulator.Deploy.0 = Debug|iPhoneSimulator
		{2ACD584E-ACBE-4BFF-8E49-B25705B2508C}.Release|Any CPU.ActiveCfg = Release|iPhoneSimulator
		{2ACD584E-ACBE-4BFF-8E49-B25705B2508C}.Release|Any CPU.Build.0 = Release|iPhoneSimulator
		{2ACD584E-ACBE-4BFF-8E49-B25705B2508C}.Release|Any CPU.Deploy.0 = Release|iPhoneSimulator
		{2ACD584E-ACBE-4BFF-8E49-B25705B2508C}.Release|iPhone.ActiveCfg = Release|iPhone
		{2ACD584E-ACBE-4BFF-8E49-B25705B2508C}.Release|iPhone.Build.0 = Release|iPhone
		{2ACD584E-ACBE-4BFF-8E49-B25705B2508C}.Release|iPhone.Deploy.0 = Release|iPhone
		{2ACD584E-ACBE-4BFF-8E49-B25705B2508C}.Release|iPhoneSimulator.ActiveCfg = Release|iPhoneSimulator
		{2ACD584E-ACBE-4BFF-8E49-B25705B2508C}.Release|iPhoneSimulator.Build.0 = Release|iPhoneSimulator
		{2ACD584E-ACBE-4BFF-8E49-B25705B2508C}.Release|iPhoneSimulator.Deploy.0 = Release|iPhoneSimulator
		{1EE4A373-7DF3-47E1-8A1B-695F4D0F809C}.Debug|Any CPU.ActiveCfg = Debug|Any CPU
		{1EE4A373-7DF3-47E1-8A1B-695F4D0F809C}.Debug|Any CPU.Build.0 = Debug|Any CPU
		{1EE4A373-7DF3-47E1-8A1B-695F4D0F809C}.Debug|Any CPU.Deploy.0 = Debug|Any CPU
		{1EE4A373-7DF3-47E1-8A1B-695F4D0F809C}.Debug|iPhone.ActiveCfg = Debug|Any CPU
		{1EE4A373-7DF3-47E1-8A1B-695F4D0F809C}.Debug|iPhone.Build.0 = Debug|Any CPU
		{1EE4A373-7DF3-47E1-8A1B-695F4D0F809C}.Debug|iPhone.Deploy.0 = Debug|Any CPU
		{1EE4A373-7DF3-47E1-8A1B-695F4D0F809C}.Debug|iPhoneSimulator.ActiveCfg = Debug|Any CPU
		{1EE4A373-7DF3-47E1-8A1B-695F4D0F809C}.Debug|iPhoneSimulator.Build.0 = Debug|Any CPU
		{1EE4A373-7DF3-47E1-8A1B-695F4D0F809C}.Debug|iPhoneSimulator.Deploy.0 = Debug|Any CPU
		{1EE4A373-7DF3-47E1-8A1B-695F4D0F809C}.Release|Any CPU.ActiveCfg = Release|Any CPU
		{1EE4A373-7DF3-47E1-8A1B-695F4D0F809C}.Release|Any CPU.Build.0 = Release|Any CPU
		{1EE4A373-7DF3-47E1-8A1B-695F4D0F809C}.Release|Any CPU.Deploy.0 = Release|Any CPU
		{1EE4A373-7DF3-47E1-8A1B-695F4D0F809C}.Release|iPhone.ActiveCfg = Release|Any CPU
		{1EE4A373-7DF3-47E1-8A1B-695F4D0F809C}.Release|iPhone.Build.0 = Release|Any CPU
		{1EE4A373-7DF3-47E1-8A1B-695F4D0F809C}.Release|iPhone.Deploy.0 = Release|Any CPU
		{1EE4A373-7DF3-47E1-8A1B-695F4D0F809C}.Release|iPhoneSimulator.ActiveCfg = Release|Any CPU
		{1EE4A373-7DF3-47E1-8A1B-695F4D0F809C}.Release|iPhoneSimulator.Build.0 = Release|Any CPU
		{1EE4A373-7DF3-47E1-8A1B-695F4D0F809C}.Release|iPhoneSimulator.Deploy.0 = Release|Any CPU
	EndGlobalSection
	GlobalSection(SolutionProperties) = preSolution
		HideSolutionNode = FALSE
	EndGlobalSection
	GlobalSection(ExtensibilityGlobals) = postSolution
		SolutionGuid = {1FAF0BF6-7C5B-49BB-9DB3-5AD9B080B2C0}
	EndGlobalSection
EndGlobal
